
Microsoft Visual Studio Solution File, Format Version 12.00
# Visual Studio Version 16
VisualStudioVersion = 16.0.28822.285
MinimumVisualStudioVersion = 10.0.40219.1
Project("{9A19103F-16F7-4668-BE54-9A1E7A4F7556}") = "Xceed.Wpf.Toolkit.LiveExplorer", "Src\Xceed.Wpf.Toolkit.LiveExplorer\Xceed.Wpf.Toolkit.LiveExplorer.csproj", "{5E7DC9C8-3E27-400C-B84C-29FF9E710CB3}"
EndProject
Project("{9A19103F-16F7-4668-BE54-9A1E7A4F7556}") = "DotNetProjects.Wpf.Extended.Toolkit", "Src\Xceed.Wpf.Toolkit\DotNetProjects.Wpf.Extended.Toolkit.csproj", "{72E591D6-8F83-4D8C-8F67-9C325E623234}"
EndProject
Project("{9A19103F-16F7-4668-BE54-9A1E7A4F7556}") = "DotNetProjects.Wpf.DataGrid", "Src\Xceed.Wpf.DataGrid\DotNetProjects.Wpf.DataGrid.csproj", "{63648392-6CE9-4A60-96D4-F9FD718D29B0}"
EndProject
Global
	GlobalSection(SolutionConfigurationPlatforms) = preSolution
		Debug|Mixed Platforms = Debug|Mixed Platforms
		Release|Mixed Platforms = Release|Mixed Platforms
	EndGlobalSection
	GlobalSection(ProjectConfigurationPlatforms) = postSolution
		{5E7DC9C8-3E27-400C-B84C-29FF9E710CB3}.Debug|Mixed Platforms.ActiveCfg = Debug|Any CPU
		{5E7DC9C8-3E27-400C-B84C-29FF9E710CB3}.Debug|Mixed Platforms.Build.0 = Debug|Any CPU
		{5E7DC9C8-3E27-400C-B84C-29FF9E710CB3}.Release|Mixed Platforms.ActiveCfg = Release|Any CPU
		{5E7DC9C8-3E27-400C-B84C-29FF9E710CB3}.Release|Mixed Platforms.Build.0 = Release|Any CPU
		{72E591D6-8F83-4D8C-8F67-9C325E623234}.Debug|Mixed Platforms.ActiveCfg = Debug|Any CPU
		{72E591D6-8F83-4D8C-8F67-9C325E623234}.Debug|Mixed Platforms.Build.0 = Debug|Any CPU
		{72E591D6-8F83-4D8C-8F67-9C325E623234}.Release|Mixed Platforms.ActiveCfg = Release|Any CPU
		{72E591D6-8F83-4D8C-8F67-9C325E623234}.Release|Mixed Platforms.Build.0 = Release|Any CPU
		{63648392-6CE9-4A60-96D4-F9FD718D29B0}.Debug|Mixed Platforms.ActiveCfg = Debug|Any CPU
		{63648392-6CE9-4A60-96D4-F9FD718D29B0}.Debug|Mixed Platforms.Build.0 = Debug|Any CPU
		{63648392-6CE9-4A60-96D4-F9FD718D29B0}.Release|Mixed Platforms.ActiveCfg = Release|Any CPU
		{63648392-6CE9-4A60-96D4-F9FD718D29B0}.Release|Mixed Platforms.Build.0 = Release|Any CPU
	EndGlobalSection
	GlobalSection(SolutionProperties) = preSolution
		HideSolutionNode = FALSE
	EndGlobalSection
	GlobalSection(ExtensibilityGlobals) = postSolution
		SolutionGuid = {4806E6B9-0B98-4C78-93C5-FFC98FB3BE08}
	EndGlobalSection
EndGlobal
